// !$*UTF8*$!
{
	archiveVersion = 1;
	classes = {
	};
	objectVersion = 46;
	objects = {

/* Begin PBXBuildFile section */
		323226361C98B30600E620D1 /* RHIHashDataSource.m in Sources */ = {isa = PBXBuildFile; fileRef = 323226351C98B30600E620D1 /* RHIHashDataSource.m */; };
		3250BDC91C9D77DB0039AC7B /* RHIRoboHash+CoreDataProperties.m in Sources */ = {isa = PBXBuildFile; fileRef = 3250BDC61C9D77DB0039AC7B /* RHIRoboHash+CoreDataProperties.m */; };
		3250BDCA1C9D77DB0039AC7B /* RHIRoboHash.m in Sources */ = {isa = PBXBuildFile; fileRef = 3250BDC81C9D77DB0039AC7B /* RHIRoboHash.m */; };
		3250BDCD1C9D8A3A0039AC7B /* UITableViewCell+RoboHash.m in Sources */ = {isa = PBXBuildFile; fileRef = 3250BDCC1C9D8A3A0039AC7B /* UITableViewCell+RoboHash.m */; };
		328DB29E1C9B7B2400C09A00 /* NSString+Random.m in Sources */ = {isa = PBXBuildFile; fileRef = 328DB29D1C9B7B2400C09A00 /* NSString+Random.m */; };
		328DB2A21C9B858800C09A00 /* RHIImageProxy.m in Sources */ = {isa = PBXBuildFile; fileRef = 328DB2A11C9B858800C09A00 /* RHIImageProxy.m */; };
		329AE9321C9BF82C00C2FB6C /* RHIRequestManager.m in Sources */ = {isa = PBXBuildFile; fileRef = 329AE9311C9BF82C00C2FB6C /* RHIRequestManager.m */; };
		32A3F1CD1C956ED40070C981 /* InitialRequestStrings.txt in Resources */ = {isa = PBXBuildFile; fileRef = 32A3F1CC1C956ED40070C981 /* InitialRequestStrings.txt */; };
		32A3F1D31C95A5F70070C981 /* UIViewController+Alerts.m in Sources */ = {isa = PBXBuildFile; fileRef = 32A3F1D21C95A5F70070C981 /* UIViewController+Alerts.m */; };
		32A3F1D71C96111F0070C981 /* RHIDirectoryManager.m in Sources */ = {isa = PBXBuildFile; fileRef = 32A3F1D61C96111F0070C981 /* RHIDirectoryManager.m */; };
		32A3F1DB1C9626C80070C981 /* RHIDownloader.m in Sources */ = {isa = PBXBuildFile; fileRef = 32A3F1DA1C9626C80070C981 /* RHIDownloader.m */; };
		32A3F1DE1C9632890070C981 /* RHIDownloadOperation.m in Sources */ = {isa = PBXBuildFile; fileRef = 32A3F1DD1C9632890070C981 /* RHIDownloadOperation.m */; };
		32AEE6321C9C37F400C25BC8 /* RoboHash.xcdatamodeld in Sources */ = {isa = PBXBuildFile; fileRef = 32AEE6301C9C37F400C25BC8 /* RoboHash.xcdatamodeld */; };
		32AEE6381C9C3C2C00C25BC8 /* RHIHomeViewController.m in Sources */ = {isa = PBXBuildFile; fileRef = 32AEE6371C9C3C2C00C25BC8 /* RHIHomeViewController.m */; };
		32AEE63B1C9C3C5A00C25BC8 /* RHIHashViewController.m in Sources */ = {isa = PBXBuildFile; fileRef = 32AEE63A1C9C3C5A00C25BC8 /* RHIHashViewController.m */; };
		32AEE63E1C9C3DCC00C25BC8 /* RHIHistoryViewController.m in Sources */ = {isa = PBXBuildFile; fileRef = 32AEE63D1C9C3DCC00C25BC8 /* RHIHistoryViewController.m */; };
		32AEE6411C9C402600C25BC8 /* UIView+Cornered.m in Sources */ = {isa = PBXBuildFile; fileRef = 32AEE6401C9C402600C25BC8 /* UIView+Cornered.m */; };
		32AEE6441C9C423700C25BC8 /* UINavigationBar+RoboHash.m in Sources */ = {isa = PBXBuildFile; fileRef = 32AEE6431C9C423700C25BC8 /* UINavigationBar+RoboHash.m */; };
		32AEE64F1C9CC2BF00C25BC8 /* RHICoreDataManager.m in Sources */ = {isa = PBXBuildFile; fileRef = 32AEE64E1C9CC2BF00C25BC8 /* RHICoreDataManager.m */; };
		32AEE65F1C9CCA4C00C25BC8 /* RHIHashHistoryStack.m in Sources */ = {isa = PBXBuildFile; fileRef = 32AEE65E1C9CCA4C00C25BC8 /* RHIHashHistoryStack.m */; };
		32B5D8E71C9B0BE000B6601F /* Reachability.m in Sources */ = {isa = PBXBuildFile; fileRef = 32B5D8E61C9B0BE000B6601F /* Reachability.m */; };
		32E3FB161C91F78600478D2E /* main.m in Sources */ = {isa = PBXBuildFile; fileRef = 32E3FB151C91F78600478D2E /* main.m */; };
		32E3FB191C91F78600478D2E /* AppDelegate.m in Sources */ = {isa = PBXBuildFile; fileRef = 32E3FB181C91F78600478D2E /* AppDelegate.m */; };
		32E3FB1F1C91F78600478D2E /* Main.storyboard in Resources */ = {isa = PBXBuildFile; fileRef = 32E3FB1D1C91F78600478D2E /* Main.storyboard */; };
		32E3FB211C91F78600478D2E /* Assets.xcassets in Resources */ = {isa = PBXBuildFile; fileRef = 32E3FB201C91F78600478D2E /* Assets.xcassets */; };
		32E3FB241C91F78600478D2E /* LaunchScreen.storyboard in Resources */ = {isa = PBXBuildFile; fileRef = 32E3FB221C91F78600478D2E /* LaunchScreen.storyboard */; };
		32E3FB301C92027F00478D2E /* RHIConstants.m in Sources */ = {isa = PBXBuildFile; fileRef = 32E3FB2F1C92027F00478D2E /* RHIConstants.m */; };
/* End PBXBuildFile section */

/* Begin PBXFileReference section */
		323226341C98B30600E620D1 /* RHIHashDataSource.h */ = {isa = PBXFileReference; fileEncoding = 4; lastKnownFileType = sourcecode.c.h; name = RHIHashDataSource.h; path = Model/HashDataSource/RHIHashDataSource.h; sourceTree = "<group>"; };
		323226351C98B30600E620D1 /* RHIHashDataSource.m */ = {isa = PBXFileReference; fileEncoding = 4; lastKnownFileType = sourcecode.c.objc; name = RHIHashDataSource.m; path = Model/HashDataSource/RHIHashDataSource.m; sourceTree = "<group>"; };
		3250BDC51C9D77DB0039AC7B /* RHIRoboHash+CoreDataProperties.h */ = {isa = PBXFileReference; fileEncoding = 4; lastKnownFileType = sourcecode.c.h; name = "RHIRoboHash+CoreDataProperties.h"; path = "Model/PersistentStack/RoboHash/RHIRoboHash+CoreDataProperties.h"; sourceTree = "<group>"; };
		3250BDC61C9D77DB0039AC7B /* RHIRoboHash+CoreDataProperties.m */ = {isa = PBXFileReference; fileEncoding = 4; lastKnownFileType = sourcecode.c.objc; name = "RHIRoboHash+CoreDataProperties.m"; path = "Model/PersistentStack/RoboHash/RHIRoboHash+CoreDataProperties.m"; sourceTree = "<group>"; };
		3250BDC71C9D77DB0039AC7B /* RHIRoboHash.h */ = {isa = PBXFileReference; fileEncoding = 4; lastKnownFileType = sourcecode.c.h; name = RHIRoboHash.h; path = Model/PersistentStack/RoboHash/RHIRoboHash.h; sourceTree = "<group>"; };
		3250BDC81C9D77DB0039AC7B /* RHIRoboHash.m */ = {isa = PBXFileReference; fileEncoding = 4; lastKnownFileType = sourcecode.c.objc; name = RHIRoboHash.m; path = Model/PersistentStack/RoboHash/RHIRoboHash.m; sourceTree = "<group>"; };
		3250BDCB1C9D8A3A0039AC7B /* UITableViewCell+RoboHash.h */ = {isa = PBXFileReference; fileEncoding = 4; lastKnownFileType = sourcecode.c.h; name = "UITableViewCell+RoboHash.h"; path = "Categories/UITableViewCell+RoboHash.h"; sourceTree = "<group>"; };
		3250BDCC1C9D8A3A0039AC7B /* UITableViewCell+RoboHash.m */ = {isa = PBXFileReference; fileEncoding = 4; lastKnownFileType = sourcecode.c.objc; name = "UITableViewCell+RoboHash.m"; path = "Categories/UITableViewCell+RoboHash.m"; sourceTree = "<group>"; };
		328DB29C1C9B7B2400C09A00 /* NSString+Random.h */ = {isa = PBXFileReference; fileEncoding = 4; lastKnownFileType = sourcecode.c.h; name = "NSString+Random.h"; path = "Categories/NSString+Random.h"; sourceTree = "<group>"; };
		328DB29D1C9B7B2400C09A00 /* NSString+Random.m */ = {isa = PBXFileReference; fileEncoding = 4; lastKnownFileType = sourcecode.c.objc; name = "NSString+Random.m"; path = "Categories/NSString+Random.m"; sourceTree = "<group>"; };
		328DB2A01C9B858800C09A00 /* RHIImageProxy.h */ = {isa = PBXFileReference; fileEncoding = 4; lastKnownFileType = sourcecode.c.h; name = RHIImageProxy.h; path = Model/ImageProxy/RHIImageProxy.h; sourceTree = "<group>"; };
		328DB2A11C9B858800C09A00 /* RHIImageProxy.m */ = {isa = PBXFileReference; fileEncoding = 4; lastKnownFileType = sourcecode.c.objc; name = RHIImageProxy.m; path = Model/ImageProxy/RHIImageProxy.m; sourceTree = "<group>"; };
		329AE9301C9BF82C00C2FB6C /* RHIRequestManager.h */ = {isa = PBXFileReference; fileEncoding = 4; lastKnownFileType = sourcecode.c.h; name = RHIRequestManager.h; path = Model/RequestManager/RHIRequestManager.h; sourceTree = "<group>"; };
		329AE9311C9BF82C00C2FB6C /* RHIRequestManager.m */ = {isa = PBXFileReference; fileEncoding = 4; lastKnownFileType = sourcecode.c.objc; name = RHIRequestManager.m; path = Model/RequestManager/RHIRequestManager.m; sourceTree = "<group>"; };
		32A3F1CC1C956ED40070C981 /* InitialRequestStrings.txt */ = {isa = PBXFileReference; fileEncoding = 4; lastKnownFileType = text; name = InitialRequestStrings.txt; path = Resources/InitialStrings/InitialRequestStrings.txt; sourceTree = "<group>"; };
		32A3F1D11C95A5F70070C981 /* UIViewController+Alerts.h */ = {isa = PBXFileReference; fileEncoding = 4; lastKnownFileType = sourcecode.c.h; name = "UIViewController+Alerts.h"; path = "Categories/UIViewController+Alerts.h"; sourceTree = "<group>"; };
		32A3F1D21C95A5F70070C981 /* UIViewController+Alerts.m */ = {isa = PBXFileReference; fileEncoding = 4; lastKnownFileType = sourcecode.c.objc; name = "UIViewController+Alerts.m"; path = "Categories/UIViewController+Alerts.m"; sourceTree = "<group>"; };
		32A3F1D51C96111F0070C981 /* RHIDirectoryManager.h */ = {isa = PBXFileReference; fileEncoding = 4; lastKnownFileType = sourcecode.c.h; name = RHIDirectoryManager.h; path = Model/DirectoryLayer/RHIDirectoryManager.h; sourceTree = "<group>"; };
		32A3F1D61C96111F0070C981 /* RHIDirectoryManager.m */ = {isa = PBXFileReference; fileEncoding = 4; lastKnownFileType = sourcecode.c.objc; name = RHIDirectoryManager.m; path = Model/DirectoryLayer/RHIDirectoryManager.m; sourceTree = "<group>"; };
		32A3F1D91C9626C80070C981 /* RHIDownloader.h */ = {isa = PBXFileReference; fileEncoding = 4; lastKnownFileType = sourcecode.c.h; name = RHIDownloader.h; path = Model/Downloader/RHIDownloader.h; sourceTree = "<group>"; };
		32A3F1DA1C9626C80070C981 /* RHIDownloader.m */ = {isa = PBXFileReference; fileEncoding = 4; lastKnownFileType = sourcecode.c.objc; name = RHIDownloader.m; path = Model/Downloader/RHIDownloader.m; sourceTree = "<group>"; };
		32A3F1DC1C9632890070C981 /* RHIDownloadOperation.h */ = {isa = PBXFileReference; fileEncoding = 4; lastKnownFileType = sourcecode.c.h; name = RHIDownloadOperation.h; path = Model/Downloader/RHIDownloadOperation.h; sourceTree = "<group>"; };
		32A3F1DD1C9632890070C981 /* RHIDownloadOperation.m */ = {isa = PBXFileReference; fileEncoding = 4; lastKnownFileType = sourcecode.c.objc; name = RHIDownloadOperation.m; path = Model/Downloader/RHIDownloadOperation.m; sourceTree = "<group>"; };
		32AEE6311C9C37F400C25BC8 /* RoboHash.xcdatamodel */ = {isa = PBXFileReference; lastKnownFileType = wrapper.xcdatamodel; path = RoboHash.xcdatamodel; sourceTree = "<group>"; };
		32AEE6361C9C3C2C00C25BC8 /* RHIHomeViewController.h */ = {isa = PBXFileReference; fileEncoding = 4; lastKnownFileType = sourcecode.c.h; name = RHIHomeViewController.h; path = Controller/Home/RHIHomeViewController.h; sourceTree = "<group>"; };
		32AEE6371C9C3C2C00C25BC8 /* RHIHomeViewController.m */ = {isa = PBXFileReference; fileEncoding = 4; lastKnownFileType = sourcecode.c.objc; name = RHIHomeViewController.m; path = Controller/Home/RHIHomeViewController.m; sourceTree = "<group>"; };
		32AEE6391C9C3C5A00C25BC8 /* RHIHashViewController.h */ = {isa = PBXFileReference; fileEncoding = 4; lastKnownFileType = sourcecode.c.h; name = RHIHashViewController.h; path = Controller/Hash/RHIHashViewController.h; sourceTree = "<group>"; };
		32AEE63A1C9C3C5A00C25BC8 /* RHIHashViewController.m */ = {isa = PBXFileReference; fileEncoding = 4; lastKnownFileType = sourcecode.c.objc; name = RHIHashViewController.m; path = Controller/Hash/RHIHashViewController.m; sourceTree = "<group>"; };
		32AEE63C1C9C3DCC00C25BC8 /* RHIHistoryViewController.h */ = {isa = PBXFileReference; fileEncoding = 4; lastKnownFileType = sourcecode.c.h; name = RHIHistoryViewController.h; path = Controller/History/RHIHistoryViewController.h; sourceTree = "<group>"; };
		32AEE63D1C9C3DCC00C25BC8 /* RHIHistoryViewController.m */ = {isa = PBXFileReference; fileEncoding = 4; lastKnownFileType = sourcecode.c.objc; name = RHIHistoryViewController.m; path = Controller/History/RHIHistoryViewController.m; sourceTree = "<group>"; };
		32AEE63F1C9C402600C25BC8 /* UIView+Cornered.h */ = {isa = PBXFileReference; fileEncoding = 4; lastKnownFileType = sourcecode.c.h; name = "UIView+Cornered.h"; path = "Categories/UIView+Cornered.h"; sourceTree = "<group>"; };
		32AEE6401C9C402600C25BC8 /* UIView+Cornered.m */ = {isa = PBXFileReference; fileEncoding = 4; lastKnownFileType = sourcecode.c.objc; name = "UIView+Cornered.m"; path = "Categories/UIView+Cornered.m"; sourceTree = "<group>"; };
		32AEE6421C9C423700C25BC8 /* UINavigationBar+RoboHash.h */ = {isa = PBXFileReference; fileEncoding = 4; lastKnownFileType = sourcecode.c.h; name = "UINavigationBar+RoboHash.h"; path = "Categories/UINavigationBar+RoboHash.h"; sourceTree = "<group>"; };
		32AEE6431C9C423700C25BC8 /* UINavigationBar+RoboHash.m */ = {isa = PBXFileReference; fileEncoding = 4; lastKnownFileType = sourcecode.c.objc; name = "UINavigationBar+RoboHash.m"; path = "Categories/UINavigationBar+RoboHash.m"; sourceTree = "<group>"; };
		32AEE64D1C9CC2BF00C25BC8 /* RHICoreDataManager.h */ = {isa = PBXFileReference; fileEncoding = 4; lastKnownFileType = sourcecode.c.h; name = RHICoreDataManager.h; path = Model/PersistentStack/CoreDataManager/RHICoreDataManager.h; sourceTree = "<group>"; };
		32AEE64E1C9CC2BF00C25BC8 /* RHICoreDataManager.m */ = {isa = PBXFileReference; fileEncoding = 4; lastKnownFileType = sourcecode.c.objc; name = RHICoreDataManager.m; path = Model/PersistentStack/CoreDataManager/RHICoreDataManager.m; sourceTree = "<group>"; };
		32AEE65D1C9CCA4C00C25BC8 /* RHIHashHistoryStack.h */ = {isa = PBXFileReference; fileEncoding = 4; lastKnownFileType = sourcecode.c.h; name = RHIHashHistoryStack.h; path = Model/PersistentStack/HashHistoryStack/RHIHashHistoryStack.h; sourceTree = "<group>"; };
		32AEE65E1C9CCA4C00C25BC8 /* RHIHashHistoryStack.m */ = {isa = PBXFileReference; fileEncoding = 4; lastKnownFileType = sourcecode.c.objc; name = RHIHashHistoryStack.m; path = Model/PersistentStack/HashHistoryStack/RHIHashHistoryStack.m; sourceTree = "<group>"; };
		32B5D8E51C9B0BE000B6601F /* Reachability.h */ = {isa = PBXFileReference; fileEncoding = 4; lastKnownFileType = sourcecode.c.h; name = Reachability.h; path = 3dParty/Reachability/Reachability.h; sourceTree = "<group>"; };
		32B5D8E61C9B0BE000B6601F /* Reachability.m */ = {isa = PBXFileReference; fileEncoding = 4; lastKnownFileType = sourcecode.c.objc; name = Reachability.m; path = 3dParty/Reachability/Reachability.m; sourceTree = "<group>"; };
		32E3FB111C91F78600478D2E /* RoboHash.app */ = {isa = PBXFileReference; explicitFileType = wrapper.application; includeInIndex = 0; path = RoboHash.app; sourceTree = BUILT_PRODUCTS_DIR; };
		32E3FB151C91F78600478D2E /* main.m */ = {isa = PBXFileReference; lastKnownFileType = sourcecode.c.objc; path = main.m; sourceTree = "<group>"; };
		32E3FB171C91F78600478D2E /* AppDelegate.h */ = {isa = PBXFileReference; lastKnownFileType = sourcecode.c.h; path = AppDelegate.h; sourceTree = "<group>"; };
		32E3FB181C91F78600478D2E /* AppDelegate.m */ = {isa = PBXFileReference; lastKnownFileType = sourcecode.c.objc; path = AppDelegate.m; sourceTree = "<group>"; };
		32E3FB1E1C91F78600478D2E /* Base */ = {isa = PBXFileReference; lastKnownFileType = file.storyboard; name = Base; path = Base.lproj/Main.storyboard; sourceTree = "<group>"; };
		32E3FB201C91F78600478D2E /* Assets.xcassets */ = {isa = PBXFileReference; lastKnownFileType = folder.assetcatalog; path = Assets.xcassets; sourceTree = "<group>"; };
		32E3FB231C91F78600478D2E /* Base */ = {isa = PBXFileReference; lastKnownFileType = file.storyboard; name = Base; path = Base.lproj/LaunchScreen.storyboard; sourceTree = "<group>"; };
		32E3FB251C91F78600478D2E /* Info.plist */ = {isa = PBXFileReference; lastKnownFileType = text.plist.xml; path = Info.plist; sourceTree = "<group>"; };
		32E3FB2E1C92027F00478D2E /* RHIConstants.h */ = {isa = PBXFileReference; fileEncoding = 4; lastKnownFileType = sourcecode.c.h; name = RHIConstants.h; path = Model/RHIConstants.h; sourceTree = "<group>"; };
		32E3FB2F1C92027F00478D2E /* RHIConstants.m */ = {isa = PBXFileReference; fileEncoding = 4; lastKnownFileType = sourcecode.c.objc; name = RHIConstants.m; path = Model/RHIConstants.m; sourceTree = "<group>"; };
/* End PBXFileReference section */

/* Begin PBXFrameworksBuildPhase section */
		32E3FB0E1C91F78600478D2E /* Frameworks */ = {
			isa = PBXFrameworksBuildPhase;
			buildActionMask = 2147483647;
			files = (
			);
			runOnlyForDeploymentPostprocessing = 0;
		};
/* End PBXFrameworksBuildPhase section */

/* Begin PBXGroup section */
		323226331C98B2DD00E620D1 /* HashDataSource */ = {
			isa = PBXGroup;
			children = (
				323226341C98B30600E620D1 /* RHIHashDataSource.h */,
				323226351C98B30600E620D1 /* RHIHashDataSource.m */,
			);
			name = HashDataSource;
			sourceTree = "<group>";
		};
		328DB29F1C9B855700C09A00 /* ImageProxy */ = {
			isa = PBXGroup;
			children = (
				328DB2A01C9B858800C09A00 /* RHIImageProxy.h */,
				328DB2A11C9B858800C09A00 /* RHIImageProxy.m */,
			);
			name = ImageProxy;
			sourceTree = "<group>";
		};
		32A3F1C21C9569700070C981 /* Categories */ = {
			isa = PBXGroup;
			children = (
				32A3F1D11C95A5F70070C981 /* UIViewController+Alerts.h */,
				32A3F1D21C95A5F70070C981 /* UIViewController+Alerts.m */,
				328DB29C1C9B7B2400C09A00 /* NSString+Random.h */,
				328DB29D1C9B7B2400C09A00 /* NSString+Random.m */,
				32AEE63F1C9C402600C25BC8 /* UIView+Cornered.h */,
				32AEE6401C9C402600C25BC8 /* UIView+Cornered.m */,
				32AEE6421C9C423700C25BC8 /* UINavigationBar+RoboHash.h */,
				32AEE6431C9C423700C25BC8 /* UINavigationBar+RoboHash.m */,
				3250BDCB1C9D8A3A0039AC7B /* UITableViewCell+RoboHash.h */,
				3250BDCC1C9D8A3A0039AC7B /* UITableViewCell+RoboHash.m */,
			);
			name = Categories;
			sourceTree = "<group>";
		};
		32A3F1C61C956B180070C981 /* Resources */ = {
			isa = PBXGroup;
			children = (
				32A3F1C71C956B240070C981 /* InitialStrings */,
			);
			name = Resources;
			sourceTree = "<group>";
		};
		32A3F1C71C956B240070C981 /* InitialStrings */ = {
			isa = PBXGroup;
			children = (
				32A3F1CC1C956ED40070C981 /* InitialRequestStrings.txt */,
			);
			name = InitialStrings;
			sourceTree = "<group>";
		};
		32A3F1D41C9610FE0070C981 /* DirectoryLayer */ = {
			isa = PBXGroup;
			children = (
				32A3F1D51C96111F0070C981 /* RHIDirectoryManager.h */,
				32A3F1D61C96111F0070C981 /* RHIDirectoryManager.m */,
			);
			name = DirectoryLayer;
			sourceTree = "<group>";
		};
		32A3F1D81C9626A00070C981 /* Downloader */ = {
			isa = PBXGroup;
			children = (
				32A3F1D91C9626C80070C981 /* RHIDownloader.h */,
				32A3F1DA1C9626C80070C981 /* RHIDownloader.m */,
				32A3F1DC1C9632890070C981 /* RHIDownloadOperation.h */,
				32A3F1DD1C9632890070C981 /* RHIDownloadOperation.m */,
			);
			name = Downloader;
			sourceTree = "<group>";
		};
		32AEE62E1C9C374400C25BC8 /* HashImages */ = {
			isa = PBXGroup;
			children = (
				328DB29F1C9B855700C09A00 /* ImageProxy */,
				323226331C98B2DD00E620D1 /* HashDataSource */,
				32A3F1D81C9626A00070C981 /* Downloader */,
			);
			name = HashImages;
			sourceTree = "<group>";
		};
		32AEE62F1C9C37CA00C25BC8 /* PersistentStack */ = {
			isa = PBXGroup;
			children = (
				32AEE65C1C9CCA2100C25BC8 /* HashHistoryStack */,
				32AEE64C1C9CC29E00C25BC8 /* CoreDataManager */,
				32AEE64B1C9CC13900C25BC8 /* RoboHash */,
				32AEE6301C9C37F400C25BC8 /* RoboHash.xcdatamodeld */,
			);
			name = PersistentStack;
			sourceTree = "<group>";
		};
		32AEE6331C9C38D600C25BC8 /* History */ = {
			isa = PBXGroup;
			children = (
				32AEE63C1C9C3DCC00C25BC8 /* RHIHistoryViewController.h */,
				32AEE63D1C9C3DCC00C25BC8 /* RHIHistoryViewController.m */,
			);
			name = History;
			sourceTree = "<group>";
		};
		32AEE6341C9C38DC00C25BC8 /* Home */ = {
			isa = PBXGroup;
			children = (
				32AEE6361C9C3C2C00C25BC8 /* RHIHomeViewController.h */,
				32AEE6371C9C3C2C00C25BC8 /* RHIHomeViewController.m */,
			);
			name = Home;
			sourceTree = "<group>";
		};
		32AEE6351C9C3A5200C25BC8 /* Hash */ = {
			isa = PBXGroup;
			children = (
				32AEE6391C9C3C5A00C25BC8 /* RHIHashViewController.h */,
				32AEE63A1C9C3C5A00C25BC8 /* RHIHashViewController.m */,
			);
			name = Hash;
			sourceTree = "<group>";
		};
		32AEE64B1C9CC13900C25BC8 /* RoboHash */ = {
			isa = PBXGroup;
			children = (
				3250BDC51C9D77DB0039AC7B /* RHIRoboHash+CoreDataProperties.h */,
				3250BDC61C9D77DB0039AC7B /* RHIRoboHash+CoreDataProperties.m */,
				3250BDC71C9D77DB0039AC7B /* RHIRoboHash.h */,
				3250BDC81C9D77DB0039AC7B /* RHIRoboHash.m */,
			);
			name = RoboHash;
			sourceTree = "<group>";
		};
		32AEE64C1C9CC29E00C25BC8 /* CoreDataManager */ = {
			isa = PBXGroup;
			children = (
				32AEE64D1C9CC2BF00C25BC8 /* RHICoreDataManager.h */,
				32AEE64E1C9CC2BF00C25BC8 /* RHICoreDataManager.m */,
			);
			name = CoreDataManager;
			sourceTree = "<group>";
		};
		32AEE65C1C9CCA2100C25BC8 /* HashHistoryStack */ = {
			isa = PBXGroup;
			children = (
				32AEE65D1C9CCA4C00C25BC8 /* RHIHashHistoryStack.h */,
				32AEE65E1C9CCA4C00C25BC8 /* RHIHashHistoryStack.m */,
			);
			name = HashHistoryStack;
			sourceTree = "<group>";
		};
		32B5D8E31C9B0BCE00B6601F /* 3dParty */ = {
			isa = PBXGroup;
			children = (
				32B5D8E41C9B0BD500B6601F /* Reachability */,
			);
			name = 3dParty;
			sourceTree = "<group>";
		};
		32B5D8E41C9B0BD500B6601F /* Reachability */ = {
			isa = PBXGroup;
			children = (
				32B5D8E51C9B0BE000B6601F /* Reachability.h */,
				32B5D8E61C9B0BE000B6601F /* Reachability.m */,
			);
			name = Reachability;
			sourceTree = "<group>";
		};
		32E3FB081C91F78600478D2E = {
			isa = PBXGroup;
			children = (
				32E3FB131C91F78600478D2E /* RoboHash */,
				32E3FB121C91F78600478D2E /* Products */,
			);
			sourceTree = "<group>";
		};
		32E3FB121C91F78600478D2E /* Products */ = {
			isa = PBXGroup;
			children = (
				32E3FB111C91F78600478D2E /* RoboHash.app */,
			);
			name = Products;
			sourceTree = "<group>";
		};
		32E3FB131C91F78600478D2E /* RoboHash */ = {
			isa = PBXGroup;
			children = (
				32B5D8E31C9B0BCE00B6601F /* 3dParty */,
				32A3F1C21C9569700070C981 /* Categories */,
				32E3FB2D1C91F7F100478D2E /* Controller */,
				32E3FB2C1C91F7E800478D2E /* View */,
				32E3FB2B1C91F7E300478D2E /* Model */,
				32A3F1C61C956B180070C981 /* Resources */,
				32E3FB171C91F78600478D2E /* AppDelegate.h */,
				32E3FB181C91F78600478D2E /* AppDelegate.m */,
				32E3FB1D1C91F78600478D2E /* Main.storyboard */,
				32E3FB201C91F78600478D2E /* Assets.xcassets */,
				32E3FB221C91F78600478D2E /* LaunchScreen.storyboard */,
				32E3FB251C91F78600478D2E /* Info.plist */,
				32E3FB141C91F78600478D2E /* Supporting Files */,
			);
			path = RoboHash;
			sourceTree = "<group>";
		};
		32E3FB141C91F78600478D2E /* Supporting Files */ = {
			isa = PBXGroup;
			children = (
				32E3FB151C91F78600478D2E /* main.m */,
			);
			name = "Supporting Files";
			sourceTree = "<group>";
		};
		32E3FB2B1C91F7E300478D2E /* Model */ = {
			isa = PBXGroup;
			children = (
				32AEE62F1C9C37CA00C25BC8 /* PersistentStack */,
				32AEE62E1C9C374400C25BC8 /* HashImages */,
				32A3F1D41C9610FE0070C981 /* DirectoryLayer */,
				32E3FB321C920A7F00478D2E /* NetworkLayer */,
				32E3FB311C920A7800478D2E /* Constants */,
			);
			name = Model;
			sourceTree = "<group>";
		};
		32E3FB2C1C91F7E800478D2E /* View */ = {
			isa = PBXGroup;
			children = (
			);
			name = View;
			sourceTree = "<group>";
		};
		32E3FB2D1C91F7F100478D2E /* Controller */ = {
			isa = PBXGroup;
			children = (
				32AEE6351C9C3A5200C25BC8 /* Hash */,
				32AEE6341C9C38DC00C25BC8 /* Home */,
				32AEE6331C9C38D600C25BC8 /* History */,
			);
			name = Controller;
			sourceTree = "<group>";
		};
		32E3FB311C920A7800478D2E /* Constants */ = {
			isa = PBXGroup;
			children = (
				32E3FB2E1C92027F00478D2E /* RHIConstants.h */,
				32E3FB2F1C92027F00478D2E /* RHIConstants.m */,
			);
			name = Constants;
			sourceTree = "<group>";
		};
		32E3FB321C920A7F00478D2E /* NetworkLayer */ = {
			isa = PBXGroup;
			children = (
				329AE9301C9BF82C00C2FB6C /* RHIRequestManager.h */,
				329AE9311C9BF82C00C2FB6C /* RHIRequestManager.m */,
			);
			name = NetworkLayer;
			sourceTree = "<group>";
		};
/* End PBXGroup section */

/* Begin PBXNativeTarget section */
		32E3FB101C91F78600478D2E /* RoboHash */ = {
			isa = PBXNativeTarget;
			buildConfigurationList = 32E3FB281C91F78600478D2E /* Build configuration list for PBXNativeTarget "RoboHash" */;
			buildPhases = (
				32E3FB0D1C91F78600478D2E /* Sources */,
				32E3FB0E1C91F78600478D2E /* Frameworks */,
				32E3FB0F1C91F78600478D2E /* Resources */,
			);
			buildRules = (
			);
			dependencies = (
			);
			name = RoboHash;
			productName = RoboHash;
			productReference = 32E3FB111C91F78600478D2E /* RoboHash.app */;
			productType = "com.apple.product-type.application";
		};
/* End PBXNativeTarget section */

/* Begin PBXProject section */
		32E3FB091C91F78600478D2E /* Project object */ = {
			isa = PBXProject;
			attributes = {
				CLASSPREFIX = RHI;
				LastUpgradeCheck = 0720;
				ORGANIZATIONNAME = "Yuliia Veresklia";
				TargetAttributes = {
					32E3FB101C91F78600478D2E = {
						CreatedOnToolsVersion = 7.2.1;
					};
				};
			};
			buildConfigurationList = 32E3FB0C1C91F78600478D2E /* Build configuration list for PBXProject "RoboHash" */;
			compatibilityVersion = "Xcode 3.2";
			developmentRegion = English;
			hasScannedForEncodings = 0;
			knownRegions = (
				en,
				Base,
			);
			mainGroup = 32E3FB081C91F78600478D2E;
			productRefGroup = 32E3FB121C91F78600478D2E /* Products */;
			projectDirPath = "";
			projectRoot = "";
			targets = (
				32E3FB101C91F78600478D2E /* RoboHash */,
			);
		};
/* End PBXProject section */

/* Begin PBXResourcesBuildPhase section */
		32E3FB0F1C91F78600478D2E /* Resources */ = {
			isa = PBXResourcesBuildPhase;
			buildActionMask = 2147483647;
			files = (
				32A3F1CD1C956ED40070C981 /* InitialRequestStrings.txt in Resources */,
				32E3FB241C91F78600478D2E /* LaunchScreen.storyboard in Resources */,
				32E3FB211C91F78600478D2E /* Assets.xcassets in Resources */,
				32E3FB1F1C91F78600478D2E /* Main.storyboard in Resources */,
			);
			runOnlyForDeploymentPostprocessing = 0;
		};
/* End PBXResourcesBuildPhase section */

/* Begin PBXSourcesBuildPhase section */
		32E3FB0D1C91F78600478D2E /* Sources */ = {
			isa = PBXSourcesBuildPhase;
			buildActionMask = 2147483647;
			files = (
				32A3F1D71C96111F0070C981 /* RHIDirectoryManager.m in Sources */,
				32AEE63B1C9C3C5A00C25BC8 /* RHIHashViewController.m in Sources */,
				32E3FB301C92027F00478D2E /* RHIConstants.m in Sources */,
				32AEE6381C9C3C2C00C25BC8 /* RHIHomeViewController.m in Sources */,
				328DB2A21C9B858800C09A00 /* RHIImageProxy.m in Sources */,
				329AE9321C9BF82C00C2FB6C /* RHIRequestManager.m in Sources */,
				32AEE6411C9C402600C25BC8 /* UIView+Cornered.m in Sources */,
				328DB29E1C9B7B2400C09A00 /* NSString+Random.m in Sources */,
				32AEE6321C9C37F400C25BC8 /* RoboHash.xcdatamodeld in Sources */,
				32E3FB191C91F78600478D2E /* AppDelegate.m in Sources */,
				32AEE63E1C9C3DCC00C25BC8 /* RHIHistoryViewController.m in Sources */,
				3250BDCA1C9D77DB0039AC7B /* RHIRoboHash.m in Sources */,
				32B5D8E71C9B0BE000B6601F /* Reachability.m in Sources */,
				3250BDCD1C9D8A3A0039AC7B /* UITableViewCell+RoboHash.m in Sources */,
				323226361C98B30600E620D1 /* RHIHashDataSource.m in Sources */,
				32A3F1DB1C9626C80070C981 /* RHIDownloader.m in Sources */,
				32E3FB161C91F78600478D2E /* main.m in Sources */,
				32AEE6441C9C423700C25BC8 /* UINavigationBar+RoboHash.m in Sources */,
				32AEE65F1C9CCA4C00C25BC8 /* RHIHashHistoryStack.m in Sources */,
				3250BDC91C9D77DB0039AC7B /* RHIRoboHash+CoreDataProperties.m in Sources */,
				32AEE64F1C9CC2BF00C25BC8 /* RHICoreDataManager.m in Sources */,
				32A3F1DE1C9632890070C981 /* RHIDownloadOperation.m in Sources */,
				32A3F1D31C95A5F70070C981 /* UIViewController+Alerts.m in Sources */,
			);
			runOnlyForDeploymentPostprocessing = 0;
		};
/* End PBXSourcesBuildPhase section */

/* Begin PBXVariantGroup section */
		32E3FB1D1C91F78600478D2E /* Main.storyboard */ = {
			isa = PBXVariantGroup;
			children = (
				32E3FB1E1C91F78600478D2E /* Base */,
			);
			name = Main.storyboard;
			sourceTree = "<group>";
		};
		32E3FB221C91F78600478D2E /* LaunchScreen.storyboard */ = {
			isa = PBXVariantGroup;
			children = (
				32E3FB231C91F78600478D2E /* Base */,
			);
			name = LaunchScreen.storyboard;
			sourceTree = "<group>";
		};
/* End PBXVariantGroup section */

/* Begin XCBuildConfiguration section */
		32E3FB261C91F78600478D2E /* Debug */ = {
			isa = XCBuildConfiguration;
			buildSettings = {
				ALWAYS_SEARCH_USER_PATHS = NO;
				CLANG_CXX_LANGUAGE_STANDARD = "gnu++0x";
				CLANG_CXX_LIBRARY = "libc++";
				CLANG_ENABLE_MODULES = YES;
				CLANG_ENABLE_OBJC_ARC = YES;
				CLANG_WARN_BOOL_CONVERSION = YES;
				CLANG_WARN_CONSTANT_CONVERSION = YES;
				CLANG_WARN_DIRECT_OBJC_ISA_USAGE = YES_ERROR;
				CLANG_WARN_EMPTY_BODY = YES;
				CLANG_WARN_ENUM_CONVERSION = YES;
				CLANG_WARN_INT_CONVERSION = YES;
				CLANG_WARN_OBJC_ROOT_CLASS = YES_ERROR;
				CLANG_WARN_UNREACHABLE_CODE = YES;
				CLANG_WARN__DUPLICATE_METHOD_MATCH = YES;
				"CODE_SIGN_IDENTITY[sdk=iphoneos*]" = "iPhone Developer";
				COPY_PHASE_STRIP = NO;
				DEBUG_INFORMATION_FORMAT = dwarf;
				ENABLE_STRICT_OBJC_MSGSEND = YES;
				ENABLE_TESTABILITY = YES;
				GCC_C_LANGUAGE_STANDARD = gnu99;
				GCC_DYNAMIC_NO_PIC = NO;
				GCC_NO_COMMON_BLOCKS = YES;
				GCC_OPTIMIZATION_LEVEL = 0;
				GCC_PREPROCESSOR_DEFINITIONS = (
					"DEBUG=1",
					"$(inherited)",
				);
				GCC_WARN_64_TO_32_BIT_CONVERSION = YES;
				GCC_WARN_ABOUT_RETURN_TYPE = YES_ERROR;
				GCC_WARN_UNDECLARED_SELECTOR = YES;
				GCC_WARN_UNINITIALIZED_AUTOS = YES_AGGRESSIVE;
				GCC_WARN_UNUSED_FUNCTION = YES;
				GCC_WARN_UNUSED_VARIABLE = YES;
				IPHONEOS_DEPLOYMENT_TARGET = 9.2;
				MTL_ENABLE_DEBUG_INFO = YES;
				ONLY_ACTIVE_ARCH = YES;
				SDKROOT = iphoneos;
			};
			name = Debug;
		};
		32E3FB271C91F78600478D2E /* Release */ = {
			isa = XCBuildConfiguration;
			buildSettings = {
				ALWAYS_SEARCH_USER_PATHS = NO;
				CLANG_CXX_LANGUAGE_STANDARD = "gnu++0x";
				CLANG_CXX_LIBRARY = "libc++";
				CLANG_ENABLE_MODULES = YES;
				CLANG_ENABLE_OBJC_ARC = YES;
				CLANG_WARN_BOOL_CONVERSION = YES;
				CLANG_WARN_CONSTANT_CONVERSION = YES;
				CLANG_WARN_DIRECT_OBJC_ISA_USAGE = YES_ERROR;
				CLANG_WARN_EMPTY_BODY = YES;
				CLANG_WARN_ENUM_CONVERSION = YES;
				CLANG_WARN_INT_CONVERSION = YES;
				CLANG_WARN_OBJC_ROOT_CLASS = YES_ERROR;
				CLANG_WARN_UNREACHABLE_CODE = YES;
				CLANG_WARN__DUPLICATE_METHOD_MATCH = YES;
				"CODE_SIGN_IDENTITY[sdk=iphoneos*]" = "iPhone Developer";
				COPY_PHASE_STRIP = NO;
				DEBUG_INFORMATION_FORMAT = "dwarf-with-dsym";
				ENABLE_NS_ASSERTIONS = NO;
				ENABLE_STRICT_OBJC_MSGSEND = YES;
				GCC_C_LANGUAGE_STANDARD = gnu99;
				GCC_NO_COMMON_BLOCKS = YES;
				GCC_WARN_64_TO_32_BIT_CONVERSION = YES;
				GCC_WARN_ABOUT_RETURN_TYPE = YES_ERROR;
				GCC_WARN_UNDECLARED_SELECTOR = YES;
				GCC_WARN_UNINITIALIZED_AUTOS = YES_AGGRESSIVE;
				GCC_WARN_UNUSED_FUNCTION = YES;
				GCC_WARN_UNUSED_VARIABLE = YES;
				IPHONEOS_DEPLOYMENT_TARGET = 9.2;
				MTL_ENABLE_DEBUG_INFO = NO;
				SDKROOT = iphoneos;
				VALIDATE_PRODUCT = YES;
			};
			name = Release;
		};
		32E3FB291C91F78600478D2E /* Debug */ = {
			isa = XCBuildConfiguration;
			buildSettings = {
				ASSETCATALOG_COMPILER_APPICON_NAME = AppIcon;
				INFOPLIST_FILE = RoboHash/Info.plist;
				LD_RUNPATH_SEARCH_PATHS = "$(inherited) @executable_path/Frameworks";
				PRODUCT_BUNDLE_IDENTIFIER = com.yveres.RoboHash;
				PRODUCT_NAME = "$(TARGET_NAME)";
			};
			name = Debug;
		};
		32E3FB2A1C91F78600478D2E /* Release */ = {
			isa = XCBuildConfiguration;
			buildSettings = {
				ASSETCATALOG_COMPILER_APPICON_NAME = AppIcon;
				INFOPLIST_FILE = RoboHash/Info.plist;
				LD_RUNPATH_SEARCH_PATHS = "$(inherited) @executable_path/Frameworks";
				PRODUCT_BUNDLE_IDENTIFIER = com.yveres.RoboHash;
				PRODUCT_NAME = "$(TARGET_NAME)";
			};
			name = Release;
		};
/* End XCBuildConfiguration section */

/* Begin XCConfigurationList section */
		32E3FB0C1C91F78600478D2E /* Build configuration list for PBXProject "RoboHash" */ = {
			isa = XCConfigurationList;
			buildConfigurations = (
				32E3FB261C91F78600478D2E /* Debug */,
				32E3FB271C91F78600478D2E /* Release */,
			);
			defaultConfigurationIsVisible = 0;
			defaultConfigurationName = Release;
		};
		32E3FB281C91F78600478D2E /* Build configuration list for PBXNativeTarget "RoboHash" */ = {
			isa = XCConfigurationList;
			buildConfigurations = (
				32E3FB291C91F78600478D2E /* Debug */,
				32E3FB2A1C91F78600478D2E /* Release */,
			);
			defaultConfigurationIsVisible = 0;
			defaultConfigurationName = Release;
		};
/* End XCConfigurationList section */

/* Begin XCVersionGroup section */
		32AEE6301C9C37F400C25BC8 /* RoboHash.xcdatamodeld */ = {
			isa = XCVersionGroup;
			children = (
				32AEE6311C9C37F400C25BC8 /* RoboHash.xcdatamodel */,
			);
			currentVersion = 32AEE6311C9C37F400C25BC8 /* RoboHash.xcdatamodel */;
			path = RoboHash.xcdatamodeld;
			sourceTree = "<group>";
			versionGroupType = wrapper.xcdatamodel;
		};
/* End XCVersionGroup section */
	};
	rootObject = 32E3FB091C91F78600478D2E /* Project object */;
}
